
Microsoft Visual Studio Solution File, Format Version 11.00
# Visual Studio 2010
Project("{FAE04EC0-301F-11D3-BF4B-00C04F79EFBC}") = "MonoDroidTests", "MonoDroidTests.csproj", "{C0A67F62-ED3C-4D73-A09F-088AD9B9A6B7}"
EndProject
Global
	GlobalSection(SolutionConfigurationPlatforms) = preSolution
		Debug|Any CPU = Debug|Any CPU
		Release|Any CPU = Release|Any CPU
	EndGlobalSection
	GlobalSection(ProjectConfigurationPlatforms) = postSolution
		{C0A67F62-ED3C-4D73-A09F-088AD9B9A6B7}.Debug|Any CPU.ActiveCfg = Debug|Any CPU
		{C0A67F62-ED3C-4D73-A09F-088AD9B9A6B7}.Debug|Any CPU.Build.0 = Debug|Any CPU
		{C0A67F62-ED3C-4D73-A09F-088AD9B9A6B7}.Debug|Any CPU.Deploy.0 = Debug|Any CPU
		{C0A67F62-ED3C-4D73-A09F-088AD9B9A6B7}.Release|Any CPU.ActiveCfg = Release|Any CPU
		{C0A67F62-ED3C-4D73-A09F-088AD9B9A6B7}.Release|Any CPU.Build.0 = Release|Any CPU
		{C0A67F62-ED3C-4D73-A09F-088AD9B9A6B7}.Release|Any CPU.Deploy.0 = Release|Any CPU
	EndGlobalSection
	GlobalSection(SolutionProperties) = preSolution
		HideSolutionNode = FALSE
	EndGlobalSection
EndGlobal
